Microsoft Visual Studio Solution File, Format Version 10.00
# Visual C++ Express 2008
Project("{8BC9CEB8-8B4A-11D0-8D11-00A0C91BC942}") = "game", "game\game.vcproj", "{C7DB53C0-6BFF-4ADB-809B-8266218E82A4}"
	ProjectSection(ProjectDependencies) = postProject
		{3A214E06-B95E-4D61-A291-1F8DF2EC10FD} = {3A214E06-B95E-4D61-A291-1F8DF2EC10FD}
		{48F36942-F246-4BCF-B997-2893F28CC227} = {48F36942-F246-4BCF-B997-2893F28CC227}
		{CEBDE98B-A6AA-46E6-BC79-FAAF823DB9EC} = {CEBDE98B-A6AA-46E6-BC79-FAAF823DB9EC}
		{81CE8DAF-EBB2-4761-8E45-B71ABCCA8C68} = {81CE8DAF-EBB2-4761-8E45-B71ABCCA8C68}
		{E36EAEBC-E10C-4B83-AE6C-D4A7E04845DC} = {E36EAEBC-E10C-4B83-AE6C-D4A7E04845DC}
		{DA956FD3-E142-46F2-9DD5-C78BEBB56B7A} = {DA956FD3-E142-46F2-9DD5-C78BEBB56B7A}
		{C02A3EF7-350A-4E7E-9C4F-2B4122971BA3} = {C02A3EF7-350A-4E7E-9C4F-2B4122971BA3}
		{15CBFEFF-7965-41F5-B4E2-21E8795C9159} = {15CBFEFF-7965-41F5-B4E2-21E8795C9159}
	EndProjectSection
EndProject
Project("{8BC9CEB8-8B4A-11D0-8D11-00A0C91BC942}") = "GDI+", "external\devil-1.7.8\projects\msvc9\gdi+\GDI+.vcproj", "{3BE70721-42D4-42C3-A6C6-C01214CC2ABA}"
EndProject
Project("{8BC9CEB8-8B4A-11D0-8D11-00A0C91BC942}") = "libogg", "external\libogg-1.3.0\win32\VS2008\libogg_dynamic.vcproj", "{15CBFEFF-7965-41F5-B4E2-21E8795C9159}"
EndProject
Project("{8BC9CEB8-8B4A-11D0-8D11-00A0C91BC942}") = "libvorbis", "external\libvorbis-1.3.2\win32\VS2008\libvorbis\libvorbis_dynamic.vcproj", "{3A214E06-B95E-4D61-A291-1F8DF2EC10FD}"
	ProjectSection(ProjectDependencies) = postProject
		{15CBFEFF-7965-41F5-B4E2-21E8795C9159} = {15CBFEFF-7965-41F5-B4E2-21E8795C9159}
	EndProjectSection
EndProject
Project("{8BC9CEB8-8B4A-11D0-8D11-00A0C91BC942}") = "libvorbisfile", "external\libvorbis-1.3.2\win32\VS2008\libvorbisfile\libvorbisfile_dynamic.vcproj", "{CEBDE98B-A6AA-46E6-BC79-FAAF823DB9EC}"
	ProjectSection(ProjectDependencies) = postProject
		{15CBFEFF-7965-41F5-B4E2-21E8795C9159} = {15CBFEFF-7965-41F5-B4E2-21E8795C9159}
	EndProjectSection
EndProject
Project("{8BC9CEB8-8B4A-11D0-8D11-00A0C91BC942}") = "SDL", "external\SDL-1.3.0-6248\VisualC\SDL\SDL_VS2008.vcproj", "{81CE8DAF-EBB2-4761-8E45-B71ABCCA8C68}"
EndProject
Project("{8BC9CEB8-8B4A-11D0-8D11-00A0C91BC942}") = "libpng", "external\libpng-1.5.8\projects\visualc71\libpng.vcproj", "{50C445BB-F427-4337-83D6-233DA2A8B7E9}"
EndProject
Project("{8BC9CEB8-8B4A-11D0-8D11-00A0C91BC942}") = "zlib", "external\libpng-1.5.8\projects\visualc71\zlib.vcproj", "{5A7F7D65-1E33-444A-9037-E21CD020C5E3}"
EndProject
Project("{8BC9CEB8-8B4A-11D0-8D11-00A0C91BC942}") = "glew", "external\glew-1.7.0\glew\glew.vcproj", "{48F36942-F246-4BCF-B997-2893F28CC227}"
EndProject
Project("{8BC9CEB8-8B4A-11D0-8D11-00A0C91BC942}") = "Webserver", "webserver\Webserver.vcproj", "{E36EAEBC-E10C-4B83-AE6C-D4A7E04845DC}"
	ProjectSection(ProjectDependencies) = postProject
		{C02A3EF7-350A-4E7E-9C4F-2B4122971BA3} = {C02A3EF7-350A-4E7E-9C4F-2B4122971BA3}
	EndProjectSection
EndProject
Project("{8BC9CEB8-8B4A-11D0-8D11-00A0C91BC942}") = "HAL", "HAL\HAL.vcproj", "{C02A3EF7-350A-4E7E-9C4F-2B4122971BA3}"
EndProject
Project("{8BC9CEB8-8B4A-11D0-8D11-00A0C91BC942}") = "SDLmain", "external\SDL-1.3.0-6248\VisualC\SDLmain\SDLmain_VS2008.vcproj", "{DA956FD3-E142-46F2-9DD5-C78BEBB56B7A}"
EndProject
Global
	GlobalSection(SolutionConfigurationPlatforms) = preSolution
		Debug|Win32 = Debug|Win32
		DLL Debug|Win32 = DLL Debug|Win32
		DLL Release|Win32 = DLL Release|Win32
		DLL VB|Win32 = DLL VB|Win32
		LIB Debug|Win32 = LIB Debug|Win32
		LIB Release|Win32 = LIB Release|Win32
		Release_NoSTDIO|Win32 = Release_NoSTDIO|Win32
		Release|Win32 = Release|Win32
	EndGlobalSection
	GlobalSection(ProjectConfigurationPlatforms) = postSolution
		{C7DB53C0-6BFF-4ADB-809B-8266218E82A4}.Debug|Win32.ActiveCfg = Debug|Win32
		{C7DB53C0-6BFF-4ADB-809B-8266218E82A4}.Debug|Win32.Build.0 = Debug|Win32
		{C7DB53C0-6BFF-4ADB-809B-8266218E82A4}.DLL Debug|Win32.ActiveCfg = Debug|Win32
		{C7DB53C0-6BFF-4ADB-809B-8266218E82A4}.DLL Debug|Win32.Build.0 = Debug|Win32
		{C7DB53C0-6BFF-4ADB-809B-8266218E82A4}.DLL Release|Win32.ActiveCfg = Release|Win32
		{C7DB53C0-6BFF-4ADB-809B-8266218E82A4}.DLL Release|Win32.Build.0 = Release|Win32
		{C7DB53C0-6BFF-4ADB-809B-8266218E82A4}.DLL VB|Win32.ActiveCfg = Debug|Win32
		{C7DB53C0-6BFF-4ADB-809B-8266218E82A4}.DLL VB|Win32.Build.0 = Debug|Win32
		{C7DB53C0-6BFF-4ADB-809B-8266218E82A4}.LIB Debug|Win32.ActiveCfg = Debug|Win32
		{C7DB53C0-6BFF-4ADB-809B-8266218E82A4}.LIB Debug|Win32.Build.0 = Debug|Win32
		{C7DB53C0-6BFF-4ADB-809B-8266218E82A4}.LIB Release|Win32.ActiveCfg = Release|Win32
		{C7DB53C0-6BFF-4ADB-809B-8266218E82A4}.LIB Release|Win32.Build.0 = Release|Win32
		{C7DB53C0-6BFF-4ADB-809B-8266218E82A4}.Release_NoSTDIO|Win32.ActiveCfg = Release|Win32
		{C7DB53C0-6BFF-4ADB-809B-8266218E82A4}.Release_NoSTDIO|Win32.Build.0 = Release|Win32
		{C7DB53C0-6BFF-4ADB-809B-8266218E82A4}.Release|Win32.ActiveCfg = Release|Win32
		{C7DB53C0-6BFF-4ADB-809B-8266218E82A4}.Release|Win32.Build.0 = Release|Win32
		{3BE70721-42D4-42C3-A6C6-C01214CC2ABA}.Debug|Win32.ActiveCfg = Debug|Win32
		{3BE70721-42D4-42C3-A6C6-C01214CC2ABA}.Debug|Win32.Build.0 = Debug|Win32
		{3BE70721-42D4-42C3-A6C6-C01214CC2ABA}.DLL Debug|Win32.ActiveCfg = Debug|Win32
		{3BE70721-42D4-42C3-A6C6-C01214CC2ABA}.DLL Debug|Win32.Build.0 = Debug|Win32
		{3BE70721-42D4-42C3-A6C6-C01214CC2ABA}.DLL Release|Win32.ActiveCfg = Release|Win32
		{3BE70721-42D4-42C3-A6C6-C01214CC2ABA}.DLL Release|Win32.Build.0 = Release|Win32
		{3BE70721-42D4-42C3-A6C6-C01214CC2ABA}.DLL VB|Win32.ActiveCfg = Debug|Win32
		{3BE70721-42D4-42C3-A6C6-C01214CC2ABA}.DLL VB|Win32.Build.0 = Debug|Win32
		{3BE70721-42D4-42C3-A6C6-C01214CC2ABA}.LIB Debug|Win32.ActiveCfg = Debug|Win32
		{3BE70721-42D4-42C3-A6C6-C01214CC2ABA}.LIB Debug|Win32.Build.0 = Debug|Win32
		{3BE70721-42D4-42C3-A6C6-C01214CC2ABA}.LIB Release|Win32.ActiveCfg = Release|Win32
		{3BE70721-42D4-42C3-A6C6-C01214CC2ABA}.LIB Release|Win32.Build.0 = Release|Win32
		{3BE70721-42D4-42C3-A6C6-C01214CC2ABA}.Release_NoSTDIO|Win32.ActiveCfg = Release|Win32
		{3BE70721-42D4-42C3-A6C6-C01214CC2ABA}.Release_NoSTDIO|Win32.Build.0 = Release|Win32
		{3BE70721-42D4-42C3-A6C6-C01214CC2ABA}.Release|Win32.ActiveCfg = Release|Win32
		{3BE70721-42D4-42C3-A6C6-C01214CC2ABA}.Release|Win32.Build.0 = Release|Win32
		{15CBFEFF-7965-41F5-B4E2-21E8795C9159}.Debug|Win32.ActiveCfg = Debug|Win32
		{15CBFEFF-7965-41F5-B4E2-21E8795C9159}.Debug|Win32.Build.0 = Debug|Win32
		{15CBFEFF-7965-41F5-B4E2-21E8795C9159}.DLL Debug|Win32.ActiveCfg = Debug|Win32
		{15CBFEFF-7965-41F5-B4E2-21E8795C9159}.DLL Debug|Win32.Build.0 = Debug|Win32
		{15CBFEFF-7965-41F5-B4E2-21E8795C9159}.DLL Release|Win32.ActiveCfg = Release|Win32
		{15CBFEFF-7965-41F5-B4E2-21E8795C9159}.DLL Release|Win32.Build.0 = Release|Win32
		{15CBFEFF-7965-41F5-B4E2-21E8795C9159}.DLL VB|Win32.ActiveCfg = Debug|Win32
		{15CBFEFF-7965-41F5-B4E2-21E8795C9159}.DLL VB|Win32.Build.0 = Debug|Win32
		{15CBFEFF-7965-41F5-B4E2-21E8795C9159}.LIB Debug|Win32.ActiveCfg = Debug|Win32
		{15CBFEFF-7965-41F5-B4E2-21E8795C9159}.LIB Debug|Win32.Build.0 = Debug|Win32
		{15CBFEFF-7965-41F5-B4E2-21E8795C9159}.LIB Release|Win32.ActiveCfg = Release|Win32
		{15CBFEFF-7965-41F5-B4E2-21E8795C9159}.LIB Release|Win32.Build.0 = Release|Win32
		{15CBFEFF-7965-41F5-B4E2-21E8795C9159}.Release_NoSTDIO|Win32.ActiveCfg = Release|Win32
		{15CBFEFF-7965-41F5-B4E2-21E8795C9159}.Release_NoSTDIO|Win32.Build.0 = Release|Win32
		{15CBFEFF-7965-41F5-B4E2-21E8795C9159}.Release|Win32.ActiveCfg = Release|Win32
		{15CBFEFF-7965-41F5-B4E2-21E8795C9159}.Release|Win32.Build.0 = Release|Win32
		{3A214E06-B95E-4D61-A291-1F8DF2EC10FD}.Debug|Win32.ActiveCfg = Debug|Win32
		{3A214E06-B95E-4D61-A291-1F8DF2EC10FD}.Debug|Win32.Build.0 = Debug|Win32
		{3A214E06-B95E-4D61-A291-1F8DF2EC10FD}.DLL Debug|Win32.ActiveCfg = Debug|Win32
		{3A214E06-B95E-4D61-A291-1F8DF2EC10FD}.DLL Debug|Win32.Build.0 = Debug|Win32
		{3A214E06-B95E-4D61-A291-1F8DF2EC10FD}.DLL Release|Win32.ActiveCfg = Release|Win32
		{3A214E06-B95E-4D61-A291-1F8DF2EC10FD}.DLL Release|Win32.Build.0 = Release|Win32
		{3A214E06-B95E-4D61-A291-1F8DF2EC10FD}.DLL VB|Win32.ActiveCfg = Debug|Win32
		{3A214E06-B95E-4D61-A291-1F8DF2EC10FD}.DLL VB|Win32.Build.0 = Debug|Win32
		{3A214E06-B95E-4D61-A291-1F8DF2EC10FD}.LIB Debug|Win32.ActiveCfg = Debug|Win32
		{3A214E06-B95E-4D61-A291-1F8DF2EC10FD}.LIB Debug|Win32.Build.0 = Debug|Win32
		{3A214E06-B95E-4D61-A291-1F8DF2EC10FD}.LIB Release|Win32.ActiveCfg = Release|Win32
		{3A214E06-B95E-4D61-A291-1F8DF2EC10FD}.LIB Release|Win32.Build.0 = Release|Win32
		{3A214E06-B95E-4D61-A291-1F8DF2EC10FD}.Release_NoSTDIO|Win32.ActiveCfg = Release|Win32
		{3A214E06-B95E-4D61-A291-1F8DF2EC10FD}.Release_NoSTDIO|Win32.Build.0 = Release|Win32
		{3A214E06-B95E-4D61-A291-1F8DF2EC10FD}.Release|Win32.ActiveCfg = Release|Win32
		{3A214E06-B95E-4D61-A291-1F8DF2EC10FD}.Release|Win32.Build.0 = Release|Win32
		{CEBDE98B-A6AA-46E6-BC79-FAAF823DB9EC}.Debug|Win32.ActiveCfg = Debug|Win32
		{CEBDE98B-A6AA-46E6-BC79-FAAF823DB9EC}.Debug|Win32.Build.0 = Debug|Win32
		{CEBDE98B-A6AA-46E6-BC79-FAAF823DB9EC}.DLL Debug|Win32.ActiveCfg = Debug|Win32
		{CEBDE98B-A6AA-46E6-BC79-FAAF823DB9EC}.DLL Debug|Win32.Build.0 = Debug|Win32
		{CEBDE98B-A6AA-46E6-BC79-FAAF823DB9EC}.DLL Release|Win32.ActiveCfg = Release|Win32
		{CEBDE98B-A6AA-46E6-BC79-FAAF823DB9EC}.DLL Release|Win32.Build.0 = Release|Win32
		{CEBDE98B-A6AA-46E6-BC79-FAAF823DB9EC}.DLL VB|Win32.ActiveCfg = Debug|Win32
		{CEBDE98B-A6AA-46E6-BC79-FAAF823DB9EC}.DLL VB|Win32.Build.0 = Debug|Win32
		{CEBDE98B-A6AA-46E6-BC79-FAAF823DB9EC}.LIB Debug|Win32.ActiveCfg = Debug|Win32
		{CEBDE98B-A6AA-46E6-BC79-FAAF823DB9EC}.LIB Debug|Win32.Build.0 = Debug|Win32
		{CEBDE98B-A6AA-46E6-BC79-FAAF823DB9EC}.LIB Release|Win32.ActiveCfg = Release|Win32
		{CEBDE98B-A6AA-46E6-BC79-FAAF823DB9EC}.LIB Release|Win32.Build.0 = Release|Win32
		{CEBDE98B-A6AA-46E6-BC79-FAAF823DB9EC}.Release_NoSTDIO|Win32.ActiveCfg = Release|Win32
		{CEBDE98B-A6AA-46E6-BC79-FAAF823DB9EC}.Release_NoSTDIO|Win32.Build.0 = Release|Win32
		{CEBDE98B-A6AA-46E6-BC79-FAAF823DB9EC}.Release|Win32.ActiveCfg = Release|Win32
		{CEBDE98B-A6AA-46E6-BC79-FAAF823DB9EC}.Release|Win32.Build.0 = Release|Win32
		{81CE8DAF-EBB2-4761-8E45-B71ABCCA8C68}.Debug|Win32.ActiveCfg = Debug|Win32
		{81CE8DAF-EBB2-4761-8E45-B71ABCCA8C68}.Debug|Win32.Build.0 = Debug|Win32
		{81CE8DAF-EBB2-4761-8E45-B71ABCCA8C68}.DLL Debug|Win32.ActiveCfg = Debug|Win32
		{81CE8DAF-EBB2-4761-8E45-B71ABCCA8C68}.DLL Debug|Win32.Build.0 = Debug|Win32
		{81CE8DAF-EBB2-4761-8E45-B71ABCCA8C68}.DLL Release|Win32.ActiveCfg = Release|Win32
		{81CE8DAF-EBB2-4761-8E45-B71ABCCA8C68}.DLL Release|Win32.Build.0 = Release|Win32
		{81CE8DAF-EBB2-4761-8E45-B71ABCCA8C68}.DLL VB|Win32.ActiveCfg = Debug|Win32
		{81CE8DAF-EBB2-4761-8E45-B71ABCCA8C68}.DLL VB|Win32.Build.0 = Debug|Win32
		{81CE8DAF-EBB2-4761-8E45-B71ABCCA8C68}.LIB Debug|Win32.ActiveCfg = Debug|Win32
		{81CE8DAF-EBB2-4761-8E45-B71ABCCA8C68}.LIB Debug|Win32.Build.0 = Debug|Win32
		{81CE8DAF-EBB2-4761-8E45-B71ABCCA8C68}.LIB Release|Win32.ActiveCfg = Release|Win32
		{81CE8DAF-EBB2-4761-8E45-B71ABCCA8C68}.LIB Release|Win32.Build.0 = Release|Win32
		{81CE8DAF-EBB2-4761-8E45-B71ABCCA8C68}.Release_NoSTDIO|Win32.ActiveCfg = Release|Win32
		{81CE8DAF-EBB2-4761-8E45-B71ABCCA8C68}.Release_NoSTDIO|Win32.Build.0 = Release|Win32
		{81CE8DAF-EBB2-4761-8E45-B71ABCCA8C68}.Release|Win32.ActiveCfg = Release|Win32
		{81CE8DAF-EBB2-4761-8E45-B71ABCCA8C68}.Release|Win32.Build.0 = Release|Win32
		{50C445BB-F427-4337-83D6-233DA2A8B7E9}.Debug|Win32.ActiveCfg = LIB Debug|Win32
		{50C445BB-F427-4337-83D6-233DA2A8B7E9}.Debug|Win32.Build.0 = LIB Debug|Win32
		{50C445BB-F427-4337-83D6-233DA2A8B7E9}.DLL Debug|Win32.ActiveCfg = DLL Debug|Win32
		{50C445BB-F427-4337-83D6-233DA2A8B7E9}.DLL Debug|Win32.Build.0 = DLL Debug|Win32
		{50C445BB-F427-4337-83D6-233DA2A8B7E9}.DLL Release|Win32.ActiveCfg = DLL Release|Win32
		{50C445BB-F427-4337-83D6-233DA2A8B7E9}.DLL Release|Win32.Build.0 = DLL Release|Win32
		{50C445BB-F427-4337-83D6-233DA2A8B7E9}.DLL VB|Win32.ActiveCfg = DLL VB|Win32
		{50C445BB-F427-4337-83D6-233DA2A8B7E9}.DLL VB|Win32.Build.0 = DLL VB|Win32
		{50C445BB-F427-4337-83D6-233DA2A8B7E9}.LIB Debug|Win32.ActiveCfg = LIB Debug|Win32
		{50C445BB-F427-4337-83D6-233DA2A8B7E9}.LIB Debug|Win32.Build.0 = LIB Debug|Win32
		{50C445BB-F427-4337-83D6-233DA2A8B7E9}.LIB Release|Win32.ActiveCfg = LIB Release|Win32
		{50C445BB-F427-4337-83D6-233DA2A8B7E9}.LIB Release|Win32.Build.0 = LIB Release|Win32
		{50C445BB-F427-4337-83D6-233DA2A8B7E9}.Release_NoSTDIO|Win32.ActiveCfg = LIB Release|Win32
		{50C445BB-F427-4337-83D6-233DA2A8B7E9}.Release|Win32.ActiveCfg = LIB Release|Win32
		{50C445BB-F427-4337-83D6-233DA2A8B7E9}.Release|Win32.Build.0 = LIB Release|Win32
		{5A7F7D65-1E33-444A-9037-E21CD020C5E3}.Debug|Win32.ActiveCfg = LIB Debug|Win32
		{5A7F7D65-1E33-444A-9037-E21CD020C5E3}.Debug|Win32.Build.0 = LIB Debug|Win32
		{5A7F7D65-1E33-444A-9037-E21CD020C5E3}.DLL Debug|Win32.ActiveCfg = DLL Debug|Win32
		{5A7F7D65-1E33-444A-9037-E21CD020C5E3}.DLL Debug|Win32.Build.0 = DLL Debug|Win32
		{5A7F7D65-1E33-444A-9037-E21CD020C5E3}.DLL Release|Win32.ActiveCfg = DLL Release|Win32
		{5A7F7D65-1E33-444A-9037-E21CD020C5E3}.DLL Release|Win32.Build.0 = DLL Release|Win32
		{5A7F7D65-1E33-444A-9037-E21CD020C5E3}.DLL VB|Win32.ActiveCfg = DLL Debug|Win32
		{5A7F7D65-1E33-444A-9037-E21CD020C5E3}.DLL VB|Win32.Build.0 = DLL Debug|Win32
		{5A7F7D65-1E33-444A-9037-E21CD020C5E3}.LIB Debug|Win32.ActiveCfg = LIB Debug|Win32
		{5A7F7D65-1E33-444A-9037-E21CD020C5E3}.LIB Debug|Win32.Build.0 = LIB Debug|Win32
		{5A7F7D65-1E33-444A-9037-E21CD020C5E3}.LIB Release|Win32.ActiveCfg = LIB Release|Win32
		{5A7F7D65-1E33-444A-9037-E21CD020C5E3}.LIB Release|Win32.Build.0 = LIB Release|Win32
		{5A7F7D65-1E33-444A-9037-E21CD020C5E3}.Release_NoSTDIO|Win32.ActiveCfg = LIB Release|Win32
		{5A7F7D65-1E33-444A-9037-E21CD020C5E3}.Release|Win32.ActiveCfg = LIB Release|Win32
		{5A7F7D65-1E33-444A-9037-E21CD020C5E3}.Release|Win32.Build.0 = LIB Release|Win32
		{48F36942-F246-4BCF-B997-2893F28CC227}.Debug|Win32.ActiveCfg = Debug|Win32
		{48F36942-F246-4BCF-B997-2893F28CC227}.Debug|Win32.Build.0 = Debug|Win32
		{48F36942-F246-4BCF-B997-2893F28CC227}.DLL Debug|Win32.ActiveCfg = Debug|Win32
		{48F36942-F246-4BCF-B997-2893F28CC227}.DLL Debug|Win32.Build.0 = Debug|Win32
		{48F36942-F246-4BCF-B997-2893F28CC227}.DLL Release|Win32.ActiveCfg = Release|Win32
		{48F36942-F246-4BCF-B997-2893F28CC227}.DLL Release|Win32.Build.0 = Release|Win32
		{48F36942-F246-4BCF-B997-2893F28CC227}.DLL VB|Win32.ActiveCfg = Debug|Win32
		{48F36942-F246-4BCF-B997-2893F28CC227}.DLL VB|Win32.Build.0 = Debug|Win32
		{48F36942-F246-4BCF-B997-2893F28CC227}.LIB Debug|Win32.ActiveCfg = Debug|Win32
		{48F36942-F246-4BCF-B997-2893F28CC227}.LIB Debug|Win32.Build.0 = Debug|Win32
		{48F36942-F246-4BCF-B997-2893F28CC227}.LIB Release|Win32.ActiveCfg = Release|Win32
		{48F36942-F246-4BCF-B997-2893F28CC227}.LIB Release|Win32.Build.0 = Release|Win32
		{48F36942-F246-4BCF-B997-2893F28CC227}.Release_NoSTDIO|Win32.ActiveCfg = Release|Win32
		{48F36942-F246-4BCF-B997-2893F28CC227}.Release_NoSTDIO|Win32.Build.0 = Release|Win32
		{48F36942-F246-4BCF-B997-2893F28CC227}.Release|Win32.ActiveCfg = Release|Win32
		{48F36942-F246-4BCF-B997-2893F28CC227}.Release|Win32.Build.0 = Release|Win32
		{E36EAEBC-E10C-4B83-AE6C-D4A7E04845DC}.Debug|Win32.ActiveCfg = Debug|Win32
		{E36EAEBC-E10C-4B83-AE6C-D4A7E04845DC}.Debug|Win32.Build.0 = Debug|Win32
		{E36EAEBC-E10C-4B83-AE6C-D4A7E04845DC}.DLL Debug|Win32.ActiveCfg = Debug|Win32
		{E36EAEBC-E10C-4B83-AE6C-D4A7E04845DC}.DLL Debug|Win32.Build.0 = Debug|Win32
		{E36EAEBC-E10C-4B83-AE6C-D4A7E04845DC}.DLL Release|Win32.ActiveCfg = Release|Win32
		{E36EAEBC-E10C-4B83-AE6C-D4A7E04845DC}.DLL Release|Win32.Build.0 = Release|Win32
		{E36EAEBC-E10C-4B83-AE6C-D4A7E04845DC}.DLL VB|Win32.ActiveCfg = Debug|Win32
		{E36EAEBC-E10C-4B83-AE6C-D4A7E04845DC}.DLL VB|Win32.Build.0 = Debug|Win32
		{E36EAEBC-E10C-4B83-AE6C-D4A7E04845DC}.LIB Debug|Win32.ActiveCfg = Debug|Win32
		{E36EAEBC-E10C-4B83-AE6C-D4A7E04845DC}.LIB Debug|Win32.Build.0 = Debug|Win32
		{E36EAEBC-E10C-4B83-AE6C-D4A7E04845DC}.LIB Release|Win32.ActiveCfg = Release|Win32
		{E36EAEBC-E10C-4B83-AE6C-D4A7E04845DC}.LIB Release|Win32.Build.0 = Release|Win32
		{E36EAEBC-E10C-4B83-AE6C-D4A7E04845DC}.Release_NoSTDIO|Win32.ActiveCfg = Release|Win32
		{E36EAEBC-E10C-4B83-AE6C-D4A7E04845DC}.Release_NoSTDIO|Win32.Build.0 = Release|Win32
		{E36EAEBC-E10C-4B83-AE6C-D4A7E04845DC}.Release|Win32.ActiveCfg = Release|Win32
		{E36EAEBC-E10C-4B83-AE6C-D4A7E04845DC}.Release|Win32.Build.0 = Release|Win32
		{C02A3EF7-350A-4E7E-9C4F-2B4122971BA3}.Debug|Win32.ActiveCfg = Debug|Win32
		{C02A3EF7-350A-4E7E-9C4F-2B4122971BA3}.Debug|Win32.Build.0 = Debug|Win32
		{C02A3EF7-350A-4E7E-9C4F-2B4122971BA3}.DLL Debug|Win32.ActiveCfg = Debug|Win32
		{C02A3EF7-350A-4E7E-9C4F-2B4122971BA3}.DLL Debug|Win32.Build.0 = Debug|Win32
		{C02A3EF7-350A-4E7E-9C4F-2B4122971BA3}.DLL Release|Win32.ActiveCfg = Release|Win32
		{C02A3EF7-350A-4E7E-9C4F-2B4122971BA3}.DLL Release|Win32.Build.0 = Release|Win32
		{C02A3EF7-350A-4E7E-9C4F-2B4122971BA3}.DLL VB|Win32.ActiveCfg = Debug|Win32
		{C02A3EF7-350A-4E7E-9C4F-2B4122971BA3}.DLL VB|Win32.Build.0 = Debug|Win32
		{C02A3EF7-350A-4E7E-9C4F-2B4122971BA3}.LIB Debug|Win32.ActiveCfg = Debug|Win32
		{C02A3EF7-350A-4E7E-9C4F-2B4122971BA3}.LIB Debug|Win32.Build.0 = Debug|Win32
		{C02A3EF7-350A-4E7E-9C4F-2B4122971BA3}.LIB Release|Win32.ActiveCfg = Release|Win32
		{C02A3EF7-350A-4E7E-9C4F-2B4122971BA3}.LIB Release|Win32.Build.0 = Release|Win32
		{C02A3EF7-350A-4E7E-9C4F-2B4122971BA3}.Release_NoSTDIO|Win32.ActiveCfg = Release|Win32
		{C02A3EF7-350A-4E7E-9C4F-2B4122971BA3}.Release_NoSTDIO|Win32.Build.0 = Release|Win32
		{C02A3EF7-350A-4E7E-9C4F-2B4122971BA3}.Release|Win32.ActiveCfg = Release|Win32
		{C02A3EF7-350A-4E7E-9C4F-2B4122971BA3}.Release|Win32.Build.0 = Release|Win32
		{DA956FD3-E142-46F2-9DD5-C78BEBB56B7A}.Debug|Win32.ActiveCfg = Debug|Win32
		{DA956FD3-E142-46F2-9DD5-C78BEBB56B7A}.Debug|Win32.Build.0 = Debug|Win32
		{DA956FD3-E142-46F2-9DD5-C78BEBB56B7A}.DLL Debug|Win32.ActiveCfg = Debug|Win32
		{DA956FD3-E142-46F2-9DD5-C78BEBB56B7A}.DLL Debug|Win32.Build.0 = Debug|Win32
		{DA956FD3-E142-46F2-9DD5-C78BEBB56B7A}.DLL Release|Win32.ActiveCfg = Release|Win32
		{DA956FD3-E142-46F2-9DD5-C78BEBB56B7A}.DLL Release|Win32.Build.0 = Release|Win32
		{DA956FD3-E142-46F2-9DD5-C78BEBB56B7A}.DLL VB|Win32.ActiveCfg = Debug|Win32
		{DA956FD3-E142-46F2-9DD5-C78BEBB56B7A}.DLL VB|Win32.Build.0 = Debug|Win32
		{DA956FD3-E142-46F2-9DD5-C78BEBB56B7A}.LIB Debug|Win32.ActiveCfg = Debug|Win32
		{DA956FD3-E142-46F2-9DD5-C78BEBB56B7A}.LIB Debug|Win32.Build.0 = Debug|Win32
		{DA956FD3-E142-46F2-9DD5-C78BEBB56B7A}.LIB Release|Win32.ActiveCfg = Release|Win32
		{DA956FD3-E142-46F2-9DD5-C78BEBB56B7A}.LIB Release|Win32.Build.0 = Release|Win32
		{DA956FD3-E142-46F2-9DD5-C78BEBB56B7A}.Release_NoSTDIO|Win32.ActiveCfg = Release_NoSTDIO|Win32
		{DA956FD3-E142-46F2-9DD5-C78BEBB56B7A}.Release_NoSTDIO|Win32.Build.0 = Release_NoSTDIO|Win32
		{DA956FD3-E142-46F2-9DD5-C78BEBB56B7A}.Release|Win32.ActiveCfg = Release|Win32
		{DA956FD3-E142-46F2-9DD5-C78BEBB56B7A}.Release|Win32.Build.0 = Release|Win32
	EndGlobalSection
	GlobalSection(SolutionProperties) = preSolution
		HideSolutionNode = FALSE
	EndGlobalSection
EndGlobal
