Microsoft Visual Studio Solution File, Format Version 10.00
# Visual C++ Express 2008
Project("{8BC9CEB8-8B4A-11D0-8D11-00A0C91BC942}") = "game", "game\game.vcproj", "{C7DB53C0-6BFF-4ADB-809B-8266218E82A4}"
	ProjectSection(ProjectDependencies) = postProject
		{3A214E06-B95E-4D61-A291-1F8DF2EC10FD} = {3A214E06-B95E-4D61-A291-1F8DF2EC10FD}
		{519F115F-F196-49FE-9B24-49618A6202BB} = {519F115F-F196-49FE-9B24-49618A6202BB}
		{CEBDE98B-A6AA-46E6-BC79-FAAF823DB9EC} = {CEBDE98B-A6AA-46E6-BC79-FAAF823DB9EC}
		{C0E1329C-3D6F-492D-8EFF-08069F096C6E} = {C0E1329C-3D6F-492D-8EFF-08069F096C6E}
		{6099FC9E-507B-457F-96A5-8C649B36BF22} = {6099FC9E-507B-457F-96A5-8C649B36BF22}
		{81CE8DAF-EBB2-4761-8E45-B71ABCCA8C68} = {81CE8DAF-EBB2-4761-8E45-B71ABCCA8C68}
		{DA956FD3-E142-46F2-9DD5-C78BEBB56B7A} = {DA956FD3-E142-46F2-9DD5-C78BEBB56B7A}
		{C50159E6-AB98-46A3-81DA-720CC6A8A86E} = {C50159E6-AB98-46A3-81DA-720CC6A8A86E}
		{15CBFEFF-7965-41F5-B4E2-21E8795C9159} = {15CBFEFF-7965-41F5-B4E2-21E8795C9159}
	EndProjectSection
EndProject
Project("{8BC9CEB8-8B4A-11D0-8D11-00A0C91BC942}") = "libogg", "libogg\win32\VS2008\libogg_dynamic.vcproj", "{15CBFEFF-7965-41F5-B4E2-21E8795C9159}"
EndProject
Project("{8BC9CEB8-8B4A-11D0-8D11-00A0C91BC942}") = "libvorbis", "libvorbis\win32\VS2008\libvorbis\libvorbis_dynamic.vcproj", "{3A214E06-B95E-4D61-A291-1F8DF2EC10FD}"
	ProjectSection(ProjectDependencies) = postProject
		{15CBFEFF-7965-41F5-B4E2-21E8795C9159} = {15CBFEFF-7965-41F5-B4E2-21E8795C9159}
	EndProjectSection
EndProject
Project("{8BC9CEB8-8B4A-11D0-8D11-00A0C91BC942}") = "SDL", "SDL\VisualC\SDL\SDL_VS2008.vcproj", "{81CE8DAF-EBB2-4761-8E45-B71ABCCA8C68}"
EndProject
Project("{8BC9CEB8-8B4A-11D0-8D11-00A0C91BC942}") = "SDLmain", "SDL\VisualC\SDLmain\SDLmain_VS2008.vcproj", "{DA956FD3-E142-46F2-9DD5-C78BEBB56B7A}"
EndProject
Project("{8BC9CEB8-8B4A-11D0-8D11-00A0C91BC942}") = "BulletCollision", "bullet\msvc\2008\src\BulletCollision\BulletCollision.vcproj", "{C0E1329C-3D6F-492D-8EFF-08069F096C6E}"
	ProjectSection(ProjectDependencies) = postProject
		{519F115F-F196-49FE-9B24-49618A6202BB} = {519F115F-F196-49FE-9B24-49618A6202BB}
	EndProjectSection
EndProject
Project("{8BC9CEB8-8B4A-11D0-8D11-00A0C91BC942}") = "BulletDynamics", "bullet\msvc\2008\src\BulletDynamics\BulletDynamics.vcproj", "{C50159E6-AB98-46A3-81DA-720CC6A8A86E}"
	ProjectSection(ProjectDependencies) = postProject
		{519F115F-F196-49FE-9B24-49618A6202BB} = {519F115F-F196-49FE-9B24-49618A6202BB}
		{C0E1329C-3D6F-492D-8EFF-08069F096C6E} = {C0E1329C-3D6F-492D-8EFF-08069F096C6E}
	EndProjectSection
EndProject
Project("{8BC9CEB8-8B4A-11D0-8D11-00A0C91BC942}") = "LinearMath", "bullet\msvc\2008\src\LinearMath\LinearMath.vcproj", "{519F115F-F196-49FE-9B24-49618A6202BB}"
EndProject
Project("{8BC9CEB8-8B4A-11D0-8D11-00A0C91BC942}") = "libvorbisfile", "libvorbis\win32\VS2008\libvorbisfile\libvorbisfile_dynamic.vcproj", "{CEBDE98B-A6AA-46E6-BC79-FAAF823DB9EC}"
	ProjectSection(ProjectDependencies) = postProject
		{15CBFEFF-7965-41F5-B4E2-21E8795C9159} = {15CBFEFF-7965-41F5-B4E2-21E8795C9159}
	EndProjectSection
EndProject
Project("{8BC9CEB8-8B4A-11D0-8D11-00A0C91BC942}") = "glew", "glew\build\vc6\glew_shared.vcproj", "{6099FC9E-507B-457F-96A5-8C649B36BF22}"
EndProject
Global
	GlobalSection(SolutionConfigurationPlatforms) = preSolution
		Debug|Win32 = Debug|Win32
		Release|Win32 = Release|Win32
	EndGlobalSection
	GlobalSection(ProjectConfigurationPlatforms) = postSolution
		{C7DB53C0-6BFF-4ADB-809B-8266218E82A4}.Debug|Win32.ActiveCfg = Debug|Win32
		{C7DB53C0-6BFF-4ADB-809B-8266218E82A4}.Debug|Win32.Build.0 = Debug|Win32
		{C7DB53C0-6BFF-4ADB-809B-8266218E82A4}.Release|Win32.ActiveCfg = Release|Win32
		{C7DB53C0-6BFF-4ADB-809B-8266218E82A4}.Release|Win32.Build.0 = Release|Win32
		{15CBFEFF-7965-41F5-B4E2-21E8795C9159}.Debug|Win32.ActiveCfg = Debug|Win32
		{15CBFEFF-7965-41F5-B4E2-21E8795C9159}.Debug|Win32.Build.0 = Debug|Win32
		{15CBFEFF-7965-41F5-B4E2-21E8795C9159}.Release|Win32.ActiveCfg = Release|Win32
		{15CBFEFF-7965-41F5-B4E2-21E8795C9159}.Release|Win32.Build.0 = Release|Win32
		{3A214E06-B95E-4D61-A291-1F8DF2EC10FD}.Debug|Win32.ActiveCfg = Debug|Win32
		{3A214E06-B95E-4D61-A291-1F8DF2EC10FD}.Debug|Win32.Build.0 = Debug|Win32
		{3A214E06-B95E-4D61-A291-1F8DF2EC10FD}.Release|Win32.ActiveCfg = Release|Win32
		{3A214E06-B95E-4D61-A291-1F8DF2EC10FD}.Release|Win32.Build.0 = Release|Win32
		{81CE8DAF-EBB2-4761-8E45-B71ABCCA8C68}.Debug|Win32.ActiveCfg = Debug|Win32
		{81CE8DAF-EBB2-4761-8E45-B71ABCCA8C68}.Debug|Win32.Build.0 = Debug|Win32
		{81CE8DAF-EBB2-4761-8E45-B71ABCCA8C68}.Release|Win32.ActiveCfg = Release|Win32
		{81CE8DAF-EBB2-4761-8E45-B71ABCCA8C68}.Release|Win32.Build.0 = Release|Win32
		{DA956FD3-E142-46F2-9DD5-C78BEBB56B7A}.Debug|Win32.ActiveCfg = Debug|Win32
		{DA956FD3-E142-46F2-9DD5-C78BEBB56B7A}.Debug|Win32.Build.0 = Debug|Win32
		{DA956FD3-E142-46F2-9DD5-C78BEBB56B7A}.Release|Win32.ActiveCfg = Release|Win32
		{DA956FD3-E142-46F2-9DD5-C78BEBB56B7A}.Release|Win32.Build.0 = Release|Win32
		{C0E1329C-3D6F-492D-8EFF-08069F096C6E}.Debug|Win32.ActiveCfg = Debug|Win32
		{C0E1329C-3D6F-492D-8EFF-08069F096C6E}.Debug|Win32.Build.0 = Debug|Win32
		{C0E1329C-3D6F-492D-8EFF-08069F096C6E}.Release|Win32.ActiveCfg = Release|Win32
		{C0E1329C-3D6F-492D-8EFF-08069F096C6E}.Release|Win32.Build.0 = Release|Win32
		{C50159E6-AB98-46A3-81DA-720CC6A8A86E}.Debug|Win32.ActiveCfg = Debug|Win32
		{C50159E6-AB98-46A3-81DA-720CC6A8A86E}.Debug|Win32.Build.0 = Debug|Win32
		{C50159E6-AB98-46A3-81DA-720CC6A8A86E}.Release|Win32.ActiveCfg = Release|Win32
		{C50159E6-AB98-46A3-81DA-720CC6A8A86E}.Release|Win32.Build.0 = Release|Win32
		{519F115F-F196-49FE-9B24-49618A6202BB}.Debug|Win32.ActiveCfg = Debug|Win32
		{519F115F-F196-49FE-9B24-49618A6202BB}.Debug|Win32.Build.0 = Debug|Win32
		{519F115F-F196-49FE-9B24-49618A6202BB}.Release|Win32.ActiveCfg = Release|Win32
		{519F115F-F196-49FE-9B24-49618A6202BB}.Release|Win32.Build.0 = Release|Win32
		{CEBDE98B-A6AA-46E6-BC79-FAAF823DB9EC}.Debug|Win32.ActiveCfg = Debug|Win32
		{CEBDE98B-A6AA-46E6-BC79-FAAF823DB9EC}.Debug|Win32.Build.0 = Debug|Win32
		{CEBDE98B-A6AA-46E6-BC79-FAAF823DB9EC}.Release|Win32.ActiveCfg = Release|Win32
		{CEBDE98B-A6AA-46E6-BC79-FAAF823DB9EC}.Release|Win32.Build.0 = Release|Win32
		{6099FC9E-507B-457F-96A5-8C649B36BF22}.Debug|Win32.ActiveCfg = Debug|Win32
		{6099FC9E-507B-457F-96A5-8C649B36BF22}.Debug|Win32.Build.0 = Debug|Win32
		{6099FC9E-507B-457F-96A5-8C649B36BF22}.Release|Win32.ActiveCfg = Release|Win32
		{6099FC9E-507B-457F-96A5-8C649B36BF22}.Release|Win32.Build.0 = Release|Win32
	EndGlobalSection
	GlobalSection(SolutionProperties) = preSolution
		HideSolutionNode = FALSE
	EndGlobalSection
EndGlobal
